
Microsoft Visual Studio Solution File, Format Version 12.00
# Visual Studio Version 17
VisualStudioVersion = 17.4.33205.214
MinimumVisualStudioVersion = 10.0.40219.1
Project("{FAE04EC0-301F-11D3-BF4B-00C04F79EFBC}") = "Events", "Events\Events.csproj", "{5BE6495C-F335-4234-8504-E8AAB203835A}"
EndProject
Project("{FAE04EC0-301F-11D3-BF4B-00C04F79EFBC}") = "EventName", "EventName\EventName.csproj", "{F2BD5E7C-023C-4DBB-B6F2-01F5F52F8100}"
EndProject
Project("{FAE04EC0-301F-11D3-BF4B-00C04F79EFBC}") = "BankEvent", "BankEvent\BankEvent.csproj", "{02E5E94C-A5A7-4406-AD01-7E973841A252}"
EndProject
Global
	GlobalSection(SolutionConfigurationPlatforms) = preSolution
		Debug|Any CPU = Debug|Any CPU
		Release|Any CPU = Release|Any CPU
	EndGlobalSection
	GlobalSection(ProjectConfigurationPlatforms) = postSolution
		{5BE6495C-F335-4234-8504-E8AAB203835A}.Debug|Any CPU.ActiveCfg = Debug|Any CPU
		{5BE6495C-F335-4234-8504-E8AAB203835A}.Debug|Any CPU.Build.0 = Debug|Any CPU
		{5BE6495C-F335-4234-8504-E8AAB203835A}.Release|Any CPU.ActiveCfg = Release|Any CPU
		{5BE6495C-F335-4234-8504-E8AAB203835A}.Release|Any CPU.Build.0 = Release|Any CPU
		{F2BD5E7C-023C-4DBB-B6F2-01F5F52F8100}.Debug|Any CPU.ActiveCfg = Debug|Any CPU
		{F2BD5E7C-023C-4DBB-B6F2-01F5F52F8100}.Debug|Any CPU.Build.0 = Debug|Any CPU
		{F2BD5E7C-023C-4DBB-B6F2-01F5F52F8100}.Release|Any CPU.ActiveCfg = Release|Any CPU
		{F2BD5E7C-023C-4DBB-B6F2-01F5F52F8100}.Release|Any CPU.Build.0 = Release|Any CPU
		{02E5E94C-A5A7-4406-AD01-7E973841A252}.Debug|Any CPU.ActiveCfg = Debug|Any CPU
		{02E5E94C-A5A7-4406-AD01-7E973841A252}.Debug|Any CPU.Build.0 = Debug|Any CPU
		{02E5E94C-A5A7-4406-AD01-7E973841A252}.Release|Any CPU.ActiveCfg = Release|Any CPU
		{02E5E94C-A5A7-4406-AD01-7E973841A252}.Release|Any CPU.Build.0 = Release|Any CPU
	EndGlobalSection
	GlobalSection(SolutionProperties) = preSolution
		HideSolutionNode = FALSE
	EndGlobalSection
	GlobalSection(ExtensibilityGlobals) = postSolution
		SolutionGuid = {5F3E742E-64DB-451F-A3C5-8306E2C71B41}
	EndGlobalSection
EndGlobal
